
Microsoft Visual Studio Solution File, Format Version 12.00
# Visual Studio Version 16
VisualStudioVersion = 16.0.810.25
MinimumVisualStudioVersion = 10.0.40219.1
Project("{FAE04EC0-301F-11D3-BF4B-00C04F79EFBC}") = "AoC", "AoC\AoC.csproj", "{0096A109-6F46-4D7F-8B22-917CD9DD62E4}"
EndProject
Project("{FAE04EC0-301F-11D3-BF4B-00C04F79EFBC}") = "AoC.Infra", "AoC.Infra\AoC.Infra.csproj", "{9BBC32AD-2287-4139-BF20-06B486D97981}"
EndProject
Global
	GlobalSection(SolutionConfigurationPlatforms) = preSolution
		Debug|Any CPU = Debug|Any CPU
		Release|Any CPU = Release|Any CPU
	EndGlobalSection
	GlobalSection(ProjectConfigurationPlatforms) = postSolution
		{0096A109-6F46-4D7F-8B22-917CD9DD62E4}.Debug|Any CPU.ActiveCfg = Debug|Any CPU
		{0096A109-6F46-4D7F-8B22-917CD9DD62E4}.Debug|Any CPU.Build.0 = Debug|Any CPU
		{0096A109-6F46-4D7F-8B22-917CD9DD62E4}.Release|Any CPU.ActiveCfg = Release|Any CPU
		{0096A109-6F46-4D7F-8B22-917CD9DD62E4}.Release|Any CPU.Build.0 = Release|Any CPU
		{9BBC32AD-2287-4139-BF20-06B486D97981}.Debug|Any CPU.ActiveCfg = Debug|Any CPU
		{9BBC32AD-2287-4139-BF20-06B486D97981}.Debug|Any CPU.Build.0 = Debug|Any CPU
		{9BBC32AD-2287-4139-BF20-06B486D97981}.Release|Any CPU.ActiveCfg = Release|Any CPU
		{9BBC32AD-2287-4139-BF20-06B486D97981}.Release|Any CPU.Build.0 = Release|Any CPU
	EndGlobalSection
	GlobalSection(SolutionProperties) = preSolution
		HideSolutionNode = FALSE
	EndGlobalSection
	GlobalSection(ExtensibilityGlobals) = postSolution
		SolutionGuid = {2639CCB6-E24E-4188-AFB8-7304174888A1}
	EndGlobalSection
EndGlobal
